// !$*UTF8*$!
{
	archiveVersion = 1;
	classes = {
	};
	objectVersion = 50;
	objects = {

/* Begin PBXBuildFile section */
		DC8DA9F0239499E4001A1FFB /* main.swift in Sources */ = {isa = PBXBuildFile; fileRef = DC8DA9EF239499E4001A1FFB /* main.swift */; };
		DC8DA9F723949A08001A1FFB /* Helpers.swift in Sources */ = {isa = PBXBuildFile; fileRef = DC8DA9F623949A08001A1FFB /* Helpers.swift */; };
		DC8DA9FB23949ABB001A1FFB /* Day1.swift in Sources */ = {isa = PBXBuildFile; fileRef = DC8DA9FA23949ABB001A1FFB /* Day1.swift */; };
		DC8DA9FD2394CBCE001A1FFB /* Day2.swift in Sources */ = {isa = PBXBuildFile; fileRef = DC8DA9FC2394CBCE001A1FFB /* Day2.swift */; };
		DC8DA9FF2394CC25001A1FFB /* Day3.swift in Sources */ = {isa = PBXBuildFile; fileRef = DC8DA9FE2394CC25001A1FFB /* Day3.swift */; };
		DC8DAA012394CC41001A1FFB /* Day4.swift in Sources */ = {isa = PBXBuildFile; fileRef = DC8DAA002394CC41001A1FFB /* Day4.swift */; };
		DC8DAA032394CC50001A1FFB /* Day5.swift in Sources */ = {isa = PBXBuildFile; fileRef = DC8DAA022394CC50001A1FFB /* Day5.swift */; };
		DCE5F17023975D80000A8B92 /* Day8.swift in Sources */ = {isa = PBXBuildFile; fileRef = DCE5F16C23975D80000A8B92 /* Day8.swift */; };
		DCE5F17123975D80000A8B92 /* Day6.swift in Sources */ = {isa = PBXBuildFile; fileRef = DCE5F16D23975D80000A8B92 /* Day6.swift */; };
		DCE5F17223975D80000A8B92 /* Day9.swift in Sources */ = {isa = PBXBuildFile; fileRef = DCE5F16E23975D80000A8B92 /* Day9.swift */; };
		DCE5F17323975D80000A8B92 /* Day7.swift in Sources */ = {isa = PBXBuildFile; fileRef = DCE5F16F23975D80000A8B92 /* Day7.swift */; };
/* End PBXBuildFile section */

/* Begin PBXCopyFilesBuildPhase section */
		DC8DA9EA239499E4001A1FFB /* CopyFiles */ = {
			isa = PBXCopyFilesBuildPhase;
			buildActionMask = 2147483647;
			dstPath = /usr/share/man/man1/;
			dstSubfolderSpec = 0;
			files = (
			);
			runOnlyForDeploymentPostprocessing = 1;
		};
/* End PBXCopyFilesBuildPhase section */

/* Begin PBXFileReference section */
		DC8DA9EC239499E4001A1FFB /* Advent2019 */ = {isa = PBXFileReference; explicitFileType = "compiled.mach-o.executable"; includeInIndex = 0; path = Advent2019; sourceTree = BUILT_PRODUCTS_DIR; };
		DC8DA9EF239499E4001A1FFB /* main.swift */ = {isa = PBXFileReference; lastKnownFileType = sourcecode.swift; path = main.swift; sourceTree = "<group>"; };
		DC8DA9F623949A08001A1FFB /* Helpers.swift */ = {isa = PBXFileReference; lastKnownFileType = sourcecode.swift; path = Helpers.swift; sourceTree = "<group>"; };
		DC8DA9F923949A5F001A1FFB /* 01.txt */ = {isa = PBXFileReference; fileEncoding = 4; lastKnownFileType = text; path = 01.txt; sourceTree = "<group>"; };
		DC8DA9FA23949ABB001A1FFB /* Day1.swift */ = {isa = PBXFileReference; lastKnownFileType = sourcecode.swift; path = Day1.swift; sourceTree = "<group>"; };
		DC8DA9FC2394CBCE001A1FFB /* Day2.swift */ = {isa = PBXFileReference; lastKnownFileType = sourcecode.swift; path = Day2.swift; sourceTree = "<group>"; };
		DC8DA9FE2394CC25001A1FFB /* Day3.swift */ = {isa = PBXFileReference; lastKnownFileType = sourcecode.swift; path = Day3.swift; sourceTree = "<group>"; };
		DC8DAA002394CC41001A1FFB /* Day4.swift */ = {isa = PBXFileReference; lastKnownFileType = sourcecode.swift; path = Day4.swift; sourceTree = "<group>"; };
		DC8DAA022394CC50001A1FFB /* Day5.swift */ = {isa = PBXFileReference; lastKnownFileType = sourcecode.swift; path = Day5.swift; sourceTree = "<group>"; };
		DC8DAA042394D2EF001A1FFB /* 02.txt */ = {isa = PBXFileReference; lastKnownFileType = text; path = 02.txt; sourceTree = "<group>"; };
		DC8DAA052394D570001A1FFB /* test.txt */ = {isa = PBXFileReference; lastKnownFileType = text; path = test.txt; sourceTree = "<group>"; };
		DCE5F16B239622FB000A8B92 /* 03.txt */ = {isa = PBXFileReference; lastKnownFileType = text; path = 03.txt; sourceTree = "<group>"; };
		DCE5F16C23975D80000A8B92 /* Day8.swift */ = {isa = PBXFileReference; fileEncoding = 4; lastKnownFileType = sourcecode.swift; path = Day8.swift; sourceTree = "<group>"; };
		DCE5F16D23975D80000A8B92 /* Day6.swift */ = {isa = PBXFileReference; fileEncoding = 4; lastKnownFileType = sourcecode.swift; path = Day6.swift; sourceTree = "<group>"; };
		DCE5F16E23975D80000A8B92 /* Day9.swift */ = {isa = PBXFileReference; fileEncoding = 4; lastKnownFileType = sourcecode.swift; path = Day9.swift; sourceTree = "<group>"; };
		DCE5F16F23975D80000A8B92 /* Day7.swift */ = {isa = PBXFileReference; fileEncoding = 4; lastKnownFileType = sourcecode.swift; path = Day7.swift; sourceTree = "<group>"; };
		DCE5F1742397751B000A8B92 /* 04.txt */ = {isa = PBXFileReference; lastKnownFileType = text; path = 04.txt; sourceTree = "<group>"; };
/* End PBXFileReference section */

/* Begin PBXFrameworksBuildPhase section */
		DC8DA9E9239499E4001A1FFB /* Frameworks */ = {
			isa = PBXFrameworksBuildPhase;
			buildActionMask = 2147483647;
			files = (
			);
			runOnlyForDeploymentPostprocessing = 0;
		};
/* End PBXFrameworksBuildPhase section */

/* Begin PBXGroup section */
		DC8DA9E3239499E4001A1FFB = {
			isa = PBXGroup;
			children = (
				DC8DA9F823949A5F001A1FFB /* Inputs */,
				DC8DA9EE239499E4001A1FFB /* Advent2019 */,
				DC8DA9ED239499E4001A1FFB /* Products */,
			);
			sourceTree = "<group>";
		};
		DC8DA9ED239499E4001A1FFB /* Products */ = {
			isa = PBXGroup;
			children = (
				DC8DA9EC239499E4001A1FFB /* Advent2019 */,
			);
			name = Products;
			sourceTree = "<group>";
		};
		DC8DA9EE239499E4001A1FFB /* Advent2019 */ = {
			isa = PBXGroup;
			children = (
				DC8DA9FA23949ABB001A1FFB /* Day1.swift */,
				DC8DA9FC2394CBCE001A1FFB /* Day2.swift */,
				DC8DA9FE2394CC25001A1FFB /* Day3.swift */,
				DC8DAA002394CC41001A1FFB /* Day4.swift */,
				DC8DAA022394CC50001A1FFB /* Day5.swift */,
				DCE5F16D23975D80000A8B92 /* Day6.swift */,
				DCE5F16F23975D80000A8B92 /* Day7.swift */,
				DCE5F16C23975D80000A8B92 /* Day8.swift */,
				DCE5F16E23975D80000A8B92 /* Day9.swift */,
				DC8DA9F623949A08001A1FFB /* Helpers.swift */,
				DC8DA9EF239499E4001A1FFB /* main.swift */,
			);
			path = Advent2019;
			sourceTree = "<group>";
		};
		DC8DA9F823949A5F001A1FFB /* Inputs */ = {
			isa = PBXGroup;
			children = (
				DC8DAA052394D570001A1FFB /* test.txt */,
				DC8DA9F923949A5F001A1FFB /* 01.txt */,
				DC8DAA042394D2EF001A1FFB /* 02.txt */,
				DCE5F16B239622FB000A8B92 /* 03.txt */,
				DCE5F1742397751B000A8B92 /* 04.txt */,
			);
			name = Inputs;
			path = ../Inputs;
			sourceTree = "<group>";
		};
/* End PBXGroup section */

/* Begin PBXNativeTarget section */
		DC8DA9EB239499E4001A1FFB /* Advent2019 */ = {
			isa = PBXNativeTarget;
			buildConfigurationList = DC8DA9F3239499E4001A1FFB /* Build configuration list for PBXNativeTarget "Advent2019" */;
			buildPhases = (
				DC8DA9E8239499E4001A1FFB /* Sources */,
				DC8DA9E9239499E4001A1FFB /* Frameworks */,
				DC8DA9EA239499E4001A1FFB /* CopyFiles */,
			);
			buildRules = (
			);
			dependencies = (
			);
			name = Advent2019;
			productName = Advent2019;
			productReference = DC8DA9EC239499E4001A1FFB /* Advent2019 */;
			productType = "com.apple.product-type.tool";
		};
/* End PBXNativeTarget section */

/* Begin PBXProject section */
		DC8DA9E4239499E4001A1FFB /* Project object */ = {
			isa = PBXProject;
			attributes = {
				LastSwiftUpdateCheck = 1110;
				LastUpgradeCheck = 1110;
				ORGANIZATIONNAME = "United States";
				TargetAttributes = {
					DC8DA9EB239499E4001A1FFB = {
						CreatedOnToolsVersion = 11.1;
					};
				};
			};
			buildConfigurationList = DC8DA9E7239499E4001A1FFB /* Build configuration list for PBXProject "Advent2019" */;
			compatibilityVersion = "Xcode 9.3";
			developmentRegion = en;
			hasScannedForEncodings = 0;
			knownRegions = (
				en,
				Base,
			);
			mainGroup = DC8DA9E3239499E4001A1FFB;
			productRefGroup = DC8DA9ED239499E4001A1FFB /* Products */;
			projectDirPath = "";
			projectRoot = "";
			targets = (
				DC8DA9EB239499E4001A1FFB /* Advent2019 */,
			);
		};
/* End PBXProject section */

/* Begin PBXSourcesBuildPhase section */
		DC8DA9E8239499E4001A1FFB /* Sources */ = {
			isa = PBXSourcesBuildPhase;
			buildActionMask = 2147483647;
			files = (
				DC8DA9F0239499E4001A1FFB /* main.swift in Sources */,
				DC8DAA032394CC50001A1FFB /* Day5.swift in Sources */,
				DC8DAA012394CC41001A1FFB /* Day4.swift in Sources */,
				DCE5F17023975D80000A8B92 /* Day8.swift in Sources */,
				DCE5F17323975D80000A8B92 /* Day7.swift in Sources */,
				DC8DA9FF2394CC25001A1FFB /* Day3.swift in Sources */,
				DC8DA9FD2394CBCE001A1FFB /* Day2.swift in Sources */,
				DCE5F17223975D80000A8B92 /* Day9.swift in Sources */,
				DC8DA9FB23949ABB001A1FFB /* Day1.swift in Sources */,
				DCE5F17123975D80000A8B92 /* Day6.swift in Sources */,
				DC8DA9F723949A08001A1FFB /* Helpers.swift in Sources */,
			);
			runOnlyForDeploymentPostprocessing = 0;
		};
/* End PBXSourcesBuildPhase section */

/* Begin XCBuildConfiguration section */
		DC8DA9F1239499E4001A1FFB /* Debug */ = {
			isa = XCBuildConfiguration;
			buildSettings = {
				ALWAYS_SEARCH_USER_PATHS = NO;
				CLANG_ANALYZER_NONNULL = YES;
				CLANG_ANALYZER_NUMBER_OBJECT_CONVERSION = YES_AGGRESSIVE;
				CLANG_CXX_LANGUAGE_STANDARD = "gnu++14";
				CLANG_CXX_LIBRARY = "libc++";
				CLANG_ENABLE_MODULES = YES;
				CLANG_ENABLE_OBJC_ARC = YES;
				CLANG_ENABLE_OBJC_WEAK = YES;
				CLANG_WARN_BLOCK_CAPTURE_AUTORELEASING = YES;
				CLANG_WARN_BOOL_CONVERSION = YES;
				CLANG_WARN_COMMA = YES;
				CLANG_WARN_CONSTANT_CONVERSION = YES;
				CLANG_WARN_DEPRECATED_OBJC_IMPLEMENTATIONS = YES;
				CLANG_WARN_DIRECT_OBJC_ISA_USAGE = YES_ERROR;
				CLANG_WARN_DOCUMENTATION_COMMENTS = YES;
				CLANG_WARN_EMPTY_BODY = YES;
				CLANG_WARN_ENUM_CONVERSION = YES;
				CLANG_WARN_INFINITE_RECURSION = YES;
				CLANG_WARN_INT_CONVERSION = YES;
				CLANG_WARN_NON_LITERAL_NULL_CONVERSION = YES;
				CLANG_WARN_OBJC_IMPLICIT_RETAIN_SELF = YES;
				CLANG_WARN_OBJC_LITERAL_CONVERSION = YES;
				CLANG_WARN_OBJC_ROOT_CLASS = YES_ERROR;
				CLANG_WARN_RANGE_LOOP_ANALYSIS = YES;
				CLANG_WARN_STRICT_PROTOTYPES = YES;
				CLANG_WARN_SUSPICIOUS_MOVE = YES;
				CLANG_WARN_UNGUARDED_AVAILABILITY = YES_AGGRESSIVE;
				CLANG_WARN_UNREACHABLE_CODE = YES;
				CLANG_WARN__DUPLICATE_METHOD_MATCH = YES;
				COPY_PHASE_STRIP = NO;
				DEBUG_INFORMATION_FORMAT = dwarf;
				ENABLE_STRICT_OBJC_MSGSEND = YES;
				ENABLE_TESTABILITY = YES;
				GCC_C_LANGUAGE_STANDARD = gnu11;
				GCC_DYNAMIC_NO_PIC = NO;
				GCC_NO_COMMON_BLOCKS = YES;
				GCC_OPTIMIZATION_LEVEL = 0;
				GCC_PREPROCESSOR_DEFINITIONS = (
					"DEBUG=1",
					"$(inherited)",
				);
				GCC_WARN_64_TO_32_BIT_CONVERSION = YES;
				GCC_WARN_ABOUT_RETURN_TYPE = YES_ERROR;
				GCC_WARN_UNDECLARED_SELECTOR = YES;
				GCC_WARN_UNINITIALIZED_AUTOS = YES_AGGRESSIVE;
				GCC_WARN_UNUSED_FUNCTION = YES;
				GCC_WARN_UNUSED_VARIABLE = YES;
				MACOSX_DEPLOYMENT_TARGET = 10.15;
				MTL_ENABLE_DEBUG_INFO = INCLUDE_SOURCE;
				MTL_FAST_MATH = YES;
				ONLY_ACTIVE_ARCH = YES;
				SDKROOT = macosx;
				SWIFT_ACTIVE_COMPILATION_CONDITIONS = DEBUG;
				SWIFT_OPTIMIZATION_LEVEL = "-Onone";
			};
			name = Debug;
		};
		DC8DA9F2239499E4001A1FFB /* Release */ = {
			isa = XCBuildConfiguration;
			buildSettings = {
				ALWAYS_SEARCH_USER_PATHS = NO;
				CLANG_ANALYZER_NONNULL = YES;
				CLANG_ANALYZER_NUMBER_OBJECT_CONVERSION = YES_AGGRESSIVE;
				CLANG_CXX_LANGUAGE_STANDARD = "gnu++14";
				CLANG_CXX_LIBRARY = "libc++";
				CLANG_ENABLE_MODULES = YES;
				CLANG_ENABLE_OBJC_ARC = YES;
				CLANG_ENABLE_OBJC_WEAK = YES;
				CLANG_WARN_BLOCK_CAPTURE_AUTORELEASING = YES;
				CLANG_WARN_BOOL_CONVERSION = YES;
				CLANG_WARN_COMMA = YES;
				CLANG_WARN_CONSTANT_CONVERSION = YES;
				CLANG_WARN_DEPRECATED_OBJC_IMPLEMENTATIONS = YES;
				CLANG_WARN_DIRECT_OBJC_ISA_USAGE = YES_ERROR;
				CLANG_WARN_DOCUMENTATION_COMMENTS = YES;
				CLANG_WARN_EMPTY_BODY = YES;
				CLANG_WARN_ENUM_CONVERSION = YES;
				CLANG_WARN_INFINITE_RECURSION = YES;
				CLANG_WARN_INT_CONVERSION = YES;
				CLANG_WARN_NON_LITERAL_NULL_CONVERSION = YES;
				CLANG_WARN_OBJC_IMPLICIT_RETAIN_SELF = YES;
				CLANG_WARN_OBJC_LITERAL_CONVERSION = YES;
				CLANG_WARN_OBJC_ROOT_CLASS = YES_ERROR;
				CLANG_WARN_RANGE_LOOP_ANALYSIS = YES;
				CLANG_WARN_STRICT_PROTOTYPES = YES;
				CLANG_WARN_SUSPICIOUS_MOVE = YES;
				CLANG_WARN_UNGUARDED_AVAILABILITY = YES_AGGRESSIVE;
				CLANG_WARN_UNREACHABLE_CODE = YES;
				CLANG_WARN__DUPLICATE_METHOD_MATCH = YES;
				COPY_PHASE_STRIP = NO;
				DEBUG_INFORMATION_FORMAT = "dwarf-with-dsym";
				ENABLE_NS_ASSERTIONS = NO;
				ENABLE_STRICT_OBJC_MSGSEND = YES;
				GCC_C_LANGUAGE_STANDARD = gnu11;
				GCC_NO_COMMON_BLOCKS = YES;
				GCC_WARN_64_TO_32_BIT_CONVERSION = YES;
				GCC_WARN_ABOUT_RETURN_TYPE = YES_ERROR;
				GCC_WARN_UNDECLARED_SELECTOR = YES;
				GCC_WARN_UNINITIALIZED_AUTOS = YES_AGGRESSIVE;
				GCC_WARN_UNUSED_FUNCTION = YES;
				GCC_WARN_UNUSED_VARIABLE = YES;
				MACOSX_DEPLOYMENT_TARGET = 10.15;
				MTL_ENABLE_DEBUG_INFO = NO;
				MTL_FAST_MATH = YES;
				SDKROOT = macosx;
				SWIFT_COMPILATION_MODE = wholemodule;
				SWIFT_OPTIMIZATION_LEVEL = "-O";
			};
			name = Release;
		};
		DC8DA9F4239499E4001A1FFB /* Debug */ = {
			isa = XCBuildConfiguration;
			buildSettings = {
				CODE_SIGN_IDENTITY = "-";
				CODE_SIGN_STYLE = Automatic;
				DEVELOPMENT_TEAM = EGM85S4GH9;
				ENABLE_HARDENED_RUNTIME = YES;
				PRODUCT_NAME = "$(TARGET_NAME)";
				SWIFT_VERSION = 5.0;
			};
			name = Debug;
		};
		DC8DA9F5239499E4001A1FFB /* Release */ = {
			isa = XCBuildConfiguration;
			buildSettings = {
				CODE_SIGN_IDENTITY = "-";
				CODE_SIGN_STYLE = Automatic;
				DEVELOPMENT_TEAM = EGM85S4GH9;
				ENABLE_HARDENED_RUNTIME = YES;
				PRODUCT_NAME = "$(TARGET_NAME)";
				SWIFT_VERSION = 5.0;
			};
			name = Release;
		};
/* End XCBuildConfiguration section */

/* Begin XCConfigurationList section */
		DC8DA9E7239499E4001A1FFB /* Build configuration list for PBXProject "Advent2019" */ = {
			isa = XCConfigurationList;
			buildConfigurations = (
				DC8DA9F1239499E4001A1FFB /* Debug */,
				DC8DA9F2239499E4001A1FFB /* Release */,
			);
			defaultConfigurationIsVisible = 0;
			defaultConfigurationName = Release;
		};
		DC8DA9F3239499E4001A1FFB /* Build configuration list for PBXNativeTarget "Advent2019" */ = {
			isa = XCConfigurationList;
			buildConfigurations = (
				DC8DA9F4239499E4001A1FFB /* Debug */,
				DC8DA9F5239499E4001A1FFB /* Release */,
			);
			defaultConfigurationIsVisible = 0;
			defaultConfigurationName = Release;
		};
/* End XCConfigurationList section */
	};
	rootObject = DC8DA9E4239499E4001A1FFB /* Project object */;
}
