// !$*UTF8*$!
{
	archiveVersion = 1;
	classes = {
	};
	objectVersion = 50;
	objects = {

/* Begin PBXBuildFile section */
		DC06E32921BA35B8007C0CFC /* Day7.swift in Sources */ = {isa = PBXBuildFile; fileRef = DC06E32821BA35B8007C0CFC /* Day7.swift */; };
		DC06E32B21BD6D87007C0CFC /* Day8.swift in Sources */ = {isa = PBXBuildFile; fileRef = DC06E32A21BD6D87007C0CFC /* Day8.swift */; };
		DC06E32D21BD7510007C0CFC /* Day9.swift in Sources */ = {isa = PBXBuildFile; fileRef = DC06E32C21BD7510007C0CFC /* Day9.swift */; };
		DC06E32F21BE2B55007C0CFC /* Day10.swift in Sources */ = {isa = PBXBuildFile; fileRef = DC06E32E21BE2B55007C0CFC /* Day10.swift */; };
		DC06E33121C0AF1C007C0CFC /* Day11.swift in Sources */ = {isa = PBXBuildFile; fileRef = DC06E33021C0AF1C007C0CFC /* Day11.swift */; };
		DC3BFB0A21B42070002089AE /* main.swift in Sources */ = {isa = PBXBuildFile; fileRef = DC3BFB0921B42070002089AE /* main.swift */; };
		DC3BFB1121B420F5002089AE /* Day1.swift in Sources */ = {isa = PBXBuildFile; fileRef = DC3BFB1021B420F5002089AE /* Day1.swift */; };
		DC3BFB1521B42C82002089AE /* Helpers.swift in Sources */ = {isa = PBXBuildFile; fileRef = DC3BFB1421B42C82002089AE /* Helpers.swift */; };
		DC3BFB1821B42DAC002089AE /* Day2.swift in Sources */ = {isa = PBXBuildFile; fileRef = DC3BFB1721B42DAC002089AE /* Day2.swift */; };
		DC3BFB1A21B42DE8002089AE /* Template.swift in Sources */ = {isa = PBXBuildFile; fileRef = DC3BFB1921B42DE8002089AE /* Template.swift */; };
		DC90B4AB21C0CCAB007D410F /* Day12.swift in Sources */ = {isa = PBXBuildFile; fileRef = DC90B4AA21C0CCAB007D410F /* Day12.swift */; };
		DC90B4AD21C5DCD8007D410F /* Day13.swift in Sources */ = {isa = PBXBuildFile; fileRef = DC90B4AC21C5DCD8007D410F /* Day13.swift */; };
		DC90B4AF21C6E6BC007D410F /* Day14.swift in Sources */ = {isa = PBXBuildFile; fileRef = DC90B4AE21C6E6BC007D410F /* Day14.swift */; };
		DC90B4B121C8914C007D410F /* Day15.swift in Sources */ = {isa = PBXBuildFile; fileRef = DC90B4B021C8914C007D410F /* Day15.swift */; };
		DC90B4B321C8915E007D410F /* Day17.swift in Sources */ = {isa = PBXBuildFile; fileRef = DC90B4B221C8915E007D410F /* Day17.swift */; };
		DC9F351B21B62C23001D8B69 /* Day3.swift in Sources */ = {isa = PBXBuildFile; fileRef = DC9F351A21B62C23001D8B69 /* Day3.swift */; };
		DC9F351D21B6379C001D8B69 /* Day4.swift in Sources */ = {isa = PBXBuildFile; fileRef = DC9F351C21B6379C001D8B69 /* Day4.swift */; };
		DC9F351F21B793C1001D8B69 /* Day5.swift in Sources */ = {isa = PBXBuildFile; fileRef = DC9F351E21B793C1001D8B69 /* Day5.swift */; };
		DC9F352121B8EA74001D8B69 /* Day6.swift in Sources */ = {isa = PBXBuildFile; fileRef = DC9F352021B8EA74001D8B69 /* Day6.swift */; };
		DCE21E9321CDECF10091AF2D /* Day20.swift in Sources */ = {isa = PBXBuildFile; fileRef = DCE21E9221CDECF10091AF2D /* Day20.swift */; };
		DCE5F17A2399DEBD000A8B92 /* Day16.swift in Sources */ = {isa = PBXBuildFile; fileRef = DCE5F1792399DEBD000A8B92 /* Day16.swift */; };
/* End PBXBuildFile section */

/* Begin PBXCopyFilesBuildPhase section */
		DC3BFB0421B42070002089AE /* CopyFiles */ = {
			isa = PBXCopyFilesBuildPhase;
			buildActionMask = 2147483647;
			dstPath = /usr/share/man/man1/;
			dstSubfolderSpec = 0;
			files = (
			);
			runOnlyForDeploymentPostprocessing = 1;
		};
/* End PBXCopyFilesBuildPhase section */

/* Begin PBXFileReference section */
		DC06E32821BA35B8007C0CFC /* Day7.swift */ = {isa = PBXFileReference; lastKnownFileType = sourcecode.swift; path = Day7.swift; sourceTree = "<group>"; };
		DC06E32A21BD6D87007C0CFC /* Day8.swift */ = {isa = PBXFileReference; lastKnownFileType = sourcecode.swift; path = Day8.swift; sourceTree = "<group>"; };
		DC06E32C21BD7510007C0CFC /* Day9.swift */ = {isa = PBXFileReference; lastKnownFileType = sourcecode.swift; path = Day9.swift; sourceTree = "<group>"; };
		DC06E32E21BE2B55007C0CFC /* Day10.swift */ = {isa = PBXFileReference; lastKnownFileType = sourcecode.swift; path = Day10.swift; sourceTree = "<group>"; };
		DC06E33021C0AF1C007C0CFC /* Day11.swift */ = {isa = PBXFileReference; lastKnownFileType = sourcecode.swift; path = Day11.swift; sourceTree = "<group>"; };
		DC3BFB0621B42070002089AE /* Advent2018 */ = {isa = PBXFileReference; explicitFileType = "compiled.mach-o.executable"; includeInIndex = 0; path = Advent2018; sourceTree = BUILT_PRODUCTS_DIR; };
		DC3BFB0921B42070002089AE /* main.swift */ = {isa = PBXFileReference; lastKnownFileType = sourcecode.swift; path = main.swift; sourceTree = "<group>"; };
		DC3BFB1021B420F5002089AE /* Day1.swift */ = {isa = PBXFileReference; lastKnownFileType = sourcecode.swift; path = Day1.swift; sourceTree = "<group>"; };
		DC3BFB1321B42ADE002089AE /* test.txt */ = {isa = PBXFileReference; fileEncoding = 4; lastKnownFileType = text; name = test.txt; path = Inputs/test.txt; sourceTree = SOURCE_ROOT; };
		DC3BFB1421B42C82002089AE /* Helpers.swift */ = {isa = PBXFileReference; lastKnownFileType = sourcecode.swift; path = Helpers.swift; sourceTree = "<group>"; };
		DC3BFB1721B42DAC002089AE /* Day2.swift */ = {isa = PBXFileReference; lastKnownFileType = sourcecode.swift; path = Day2.swift; sourceTree = "<group>"; };
		DC3BFB1921B42DE8002089AE /* Template.swift */ = {isa = PBXFileReference; lastKnownFileType = sourcecode.swift; path = Template.swift; sourceTree = "<group>"; };
		DC8DA9C923944857001A1FFB /* 15.txt */ = {isa = PBXFileReference; fileEncoding = 4; lastKnownFileType = text; path = 15.txt; sourceTree = "<group>"; };
		DC8DA9CA23944857001A1FFB /* 01.txt */ = {isa = PBXFileReference; fileEncoding = 4; lastKnownFileType = text; path = 01.txt; sourceTree = "<group>"; };
		DC8DA9CB23944857001A1FFB /* 02.txt */ = {isa = PBXFileReference; fileEncoding = 4; lastKnownFileType = text; path = 02.txt; sourceTree = "<group>"; };
		DC8DA9CC23944857001A1FFB /* 16.txt */ = {isa = PBXFileReference; fileEncoding = 4; lastKnownFileType = text; path = 16.txt; sourceTree = "<group>"; };
		DC8DA9CD23944857001A1FFB /* 17.txt */ = {isa = PBXFileReference; fileEncoding = 4; lastKnownFileType = text; path = 17.txt; sourceTree = "<group>"; };
		DC8DA9CE23944857001A1FFB /* 03.txt */ = {isa = PBXFileReference; fileEncoding = 4; lastKnownFileType = text; path = 03.txt; sourceTree = "<group>"; };
		DC8DA9CF23944857001A1FFB /* 07.txt */ = {isa = PBXFileReference; fileEncoding = 4; lastKnownFileType = text; path = 07.txt; sourceTree = "<group>"; };
		DC8DA9D023944857001A1FFB /* 13.txt */ = {isa = PBXFileReference; fileEncoding = 4; lastKnownFileType = text; path = 13.txt; sourceTree = "<group>"; };
		DC8DA9D123944857001A1FFB /* 12.txt */ = {isa = PBXFileReference; fileEncoding = 4; lastKnownFileType = text; path = 12.txt; sourceTree = "<group>"; };
		DC8DA9D223944857001A1FFB /* 06.txt */ = {isa = PBXFileReference; fileEncoding = 4; lastKnownFileType = text; path = 06.txt; sourceTree = "<group>"; };
		DC8DA9D323944857001A1FFB /* 10.txt */ = {isa = PBXFileReference; fileEncoding = 4; lastKnownFileType = text; path = 10.txt; sourceTree = "<group>"; };
		DC8DA9D423944857001A1FFB /* 04.txt */ = {isa = PBXFileReference; fileEncoding = 4; lastKnownFileType = text; path = 04.txt; sourceTree = "<group>"; };
		DC8DA9D523944857001A1FFB /* 05.txt */ = {isa = PBXFileReference; fileEncoding = 4; lastKnownFileType = text; path = 05.txt; sourceTree = "<group>"; };
		DC8DA9D623944857001A1FFB /* day 18.txt */ = {isa = PBXFileReference; fileEncoding = 4; lastKnownFileType = text; path = "day 18.txt"; sourceTree = "<group>"; };
		DC8DA9D723944857001A1FFB /* day 19.txt */ = {isa = PBXFileReference; fileEncoding = 4; lastKnownFileType = text; path = "day 19.txt"; sourceTree = "<group>"; };
		DC8DA9D823944857001A1FFB /* day 20.txt */ = {isa = PBXFileReference; fileEncoding = 4; lastKnownFileType = text; path = "day 20.txt"; sourceTree = "<group>"; };
		DC8DA9D923944857001A1FFB /* day 16.patch */ = {isa = PBXFileReference; fileEncoding = 4; lastKnownFileType = text; path = "day 16.patch"; sourceTree = "<group>"; };
		DC8DA9DA23944857001A1FFB /* 97.txt */ = {isa = PBXFileReference; fileEncoding = 4; lastKnownFileType = text; path = 97.txt; sourceTree = "<group>"; };
		DC8DA9DB23944857001A1FFB /* day 15.txt */ = {isa = PBXFileReference; fileEncoding = 4; lastKnownFileType = text; path = "day 15.txt"; sourceTree = "<group>"; };
		DC8DA9DC23944857001A1FFB /* test.txt */ = {isa = PBXFileReference; fileEncoding = 4; lastKnownFileType = text; path = test.txt; sourceTree = "<group>"; };
		DC8DA9DD23944857001A1FFB /* 08.txt */ = {isa = PBXFileReference; fileEncoding = 4; lastKnownFileType = text; path = 08.txt; sourceTree = "<group>"; };
		DC8DA9DE23944857001A1FFB /* 20.txt */ = {isa = PBXFileReference; fileEncoding = 4; lastKnownFileType = text; path = 20.txt; sourceTree = "<group>"; };
		DC8DA9DF23944857001A1FFB /* 09.txt */ = {isa = PBXFileReference; fileEncoding = 4; lastKnownFileType = text; path = 09.txt; sourceTree = "<group>"; };
		DC8DA9E023944857001A1FFB /* 19.txt */ = {isa = PBXFileReference; fileEncoding = 4; lastKnownFileType = text; path = 19.txt; sourceTree = "<group>"; };
		DC8DA9E123944857001A1FFB /* 18.txt */ = {isa = PBXFileReference; fileEncoding = 4; lastKnownFileType = text; path = 18.txt; sourceTree = "<group>"; };
		DC90B4AA21C0CCAB007D410F /* Day12.swift */ = {isa = PBXFileReference; lastKnownFileType = sourcecode.swift; path = Day12.swift; sourceTree = "<group>"; };
		DC90B4AC21C5DCD8007D410F /* Day13.swift */ = {isa = PBXFileReference; lastKnownFileType = sourcecode.swift; path = Day13.swift; sourceTree = "<group>"; };
		DC90B4AE21C6E6BC007D410F /* Day14.swift */ = {isa = PBXFileReference; lastKnownFileType = sourcecode.swift; path = Day14.swift; sourceTree = "<group>"; };
		DC90B4B021C8914C007D410F /* Day15.swift */ = {isa = PBXFileReference; lastKnownFileType = sourcecode.swift; path = Day15.swift; sourceTree = "<group>"; };
		DC90B4B221C8915E007D410F /* Day17.swift */ = {isa = PBXFileReference; lastKnownFileType = sourcecode.swift; path = Day17.swift; sourceTree = "<group>"; };
		DC9F351A21B62C23001D8B69 /* Day3.swift */ = {isa = PBXFileReference; lastKnownFileType = sourcecode.swift; path = Day3.swift; sourceTree = "<group>"; };
		DC9F351C21B6379C001D8B69 /* Day4.swift */ = {isa = PBXFileReference; lastKnownFileType = sourcecode.swift; path = Day4.swift; sourceTree = "<group>"; };
		DC9F351E21B793C1001D8B69 /* Day5.swift */ = {isa = PBXFileReference; lastKnownFileType = sourcecode.swift; path = Day5.swift; sourceTree = "<group>"; };
		DC9F352021B8EA74001D8B69 /* Day6.swift */ = {isa = PBXFileReference; lastKnownFileType = sourcecode.swift; path = Day6.swift; sourceTree = "<group>"; };
		DCE21E9221CDECF10091AF2D /* Day20.swift */ = {isa = PBXFileReference; lastKnownFileType = sourcecode.swift; path = Day20.swift; sourceTree = "<group>"; };
		DCE5F1752398C0B3000A8B92 /* testBag.txt */ = {isa = PBXFileReference; lastKnownFileType = text; path = testBag.txt; sourceTree = "<group>"; };
		DCE5F1792399DEBD000A8B92 /* Day16.swift */ = {isa = PBXFileReference; lastKnownFileType = sourcecode.swift; path = Day16.swift; sourceTree = "<group>"; };
/* End PBXFileReference section */

/* Begin PBXFrameworksBuildPhase section */
		DC3BFB0321B42070002089AE /* Frameworks */ = {
			isa = PBXFrameworksBuildPhase;
			buildActionMask = 2147483647;
			files = (
			);
			runOnlyForDeploymentPostprocessing = 0;
		};
/* End PBXFrameworksBuildPhase section */

/* Begin PBXGroup section */
		DC3BFAFD21B42070002089AE = {
			isa = PBXGroup;
			children = (
				DC8DA9C823944857001A1FFB /* Inputs */,
				DC3BFB0821B42070002089AE /* Advent2018 */,
				DC3BFB0721B42070002089AE /* Products */,
			);
			sourceTree = "<group>";
		};
		DC3BFB0721B42070002089AE /* Products */ = {
			isa = PBXGroup;
			children = (
				DC3BFB0621B42070002089AE /* Advent2018 */,
			);
			name = Products;
			sourceTree = "<group>";
		};
		DC3BFB0821B42070002089AE /* Advent2018 */ = {
			isa = PBXGroup;
			children = (
				DC3BFB1621B42D9B002089AE /* Days */,
				DC3BFB1321B42ADE002089AE /* test.txt */,
				DC3BFB0921B42070002089AE /* main.swift */,
				DC3BFB1421B42C82002089AE /* Helpers.swift */,
			);
			path = Advent2018;
			sourceTree = "<group>";
		};
		DC3BFB1621B42D9B002089AE /* Days */ = {
			isa = PBXGroup;
			children = (
				DC3BFB1921B42DE8002089AE /* Template.swift */,
				DC3BFB1021B420F5002089AE /* Day1.swift */,
				DC3BFB1721B42DAC002089AE /* Day2.swift */,
				DC9F351A21B62C23001D8B69 /* Day3.swift */,
				DC9F351C21B6379C001D8B69 /* Day4.swift */,
				DC9F351E21B793C1001D8B69 /* Day5.swift */,
				DC9F352021B8EA74001D8B69 /* Day6.swift */,
				DC06E32821BA35B8007C0CFC /* Day7.swift */,
				DC06E32A21BD6D87007C0CFC /* Day8.swift */,
				DC06E32C21BD7510007C0CFC /* Day9.swift */,
				DC06E32E21BE2B55007C0CFC /* Day10.swift */,
				DC06E33021C0AF1C007C0CFC /* Day11.swift */,
				DC90B4AA21C0CCAB007D410F /* Day12.swift */,
				DC90B4AC21C5DCD8007D410F /* Day13.swift */,
				DC90B4AE21C6E6BC007D410F /* Day14.swift */,
				DC90B4B021C8914C007D410F /* Day15.swift */,
				DCE5F1792399DEBD000A8B92 /* Day16.swift */,
				DC90B4B221C8915E007D410F /* Day17.swift */,
				DCE21E9221CDECF10091AF2D /* Day20.swift */,
			);
			path = Days;
			sourceTree = "<group>";
		};
		DC8DA9C823944857001A1FFB /* Inputs */ = {
			isa = PBXGroup;
			children = (
				DC8DA9C923944857001A1FFB /* 15.txt */,
				DC8DA9CA23944857001A1FFB /* 01.txt */,
				DC8DA9CB23944857001A1FFB /* 02.txt */,
				DC8DA9CC23944857001A1FFB /* 16.txt */,
				DC8DA9CD23944857001A1FFB /* 17.txt */,
				DC8DA9CE23944857001A1FFB /* 03.txt */,
				DC8DA9CF23944857001A1FFB /* 07.txt */,
				DC8DA9D023944857001A1FFB /* 13.txt */,
				DC8DA9D123944857001A1FFB /* 12.txt */,
				DC8DA9D223944857001A1FFB /* 06.txt */,
				DC8DA9D323944857001A1FFB /* 10.txt */,
				DC8DA9D423944857001A1FFB /* 04.txt */,
				DC8DA9D523944857001A1FFB /* 05.txt */,
				DC8DA9D623944857001A1FFB /* day 18.txt */,
				DC8DA9D723944857001A1FFB /* day 19.txt */,
				DC8DA9D823944857001A1FFB /* day 20.txt */,
				DC8DA9D923944857001A1FFB /* day 16.patch */,
				DC8DA9DA23944857001A1FFB /* 97.txt */,
				DC8DA9DB23944857001A1FFB /* day 15.txt */,
				DC8DA9DC23944857001A1FFB /* test.txt */,
				DCE5F1752398C0B3000A8B92 /* testBag.txt */,
				DC8DA9DD23944857001A1FFB /* 08.txt */,
				DC8DA9DE23944857001A1FFB /* 20.txt */,
				DC8DA9DF23944857001A1FFB /* 09.txt */,
				DC8DA9E023944857001A1FFB /* 19.txt */,
				DC8DA9E123944857001A1FFB /* 18.txt */,
			);
			path = Inputs;
			sourceTree = "<group>";
		};
/* End PBXGroup section */

/* Begin PBXNativeTarget section */
		DC3BFB0521B42070002089AE /* Advent2018 */ = {
			isa = PBXNativeTarget;
			buildConfigurationList = DC3BFB0D21B42070002089AE /* Build configuration list for PBXNativeTarget "Advent2018" */;
			buildPhases = (
				DC3BFB0221B42070002089AE /* Sources */,
				DC3BFB0321B42070002089AE /* Frameworks */,
				DC3BFB0421B42070002089AE /* CopyFiles */,
			);
			buildRules = (
			);
			dependencies = (
			);
			name = Advent2018;
			productName = Advent2018;
			productReference = DC3BFB0621B42070002089AE /* Advent2018 */;
			productType = "com.apple.product-type.tool";
		};
/* End PBXNativeTarget section */

/* Begin PBXProject section */
		DC3BFAFE21B42070002089AE /* Project object */ = {
			isa = PBXProject;
			attributes = {
				LastSwiftUpdateCheck = 1010;
				LastUpgradeCheck = 1110;
				ORGANIZATIONNAME = "United States";
				TargetAttributes = {
					DC3BFB0521B42070002089AE = {
						CreatedOnToolsVersion = 10.1;
						LastSwiftMigration = 1110;
					};
				};
			};
			buildConfigurationList = DC3BFB0121B42070002089AE /* Build configuration list for PBXProject "Advent2018" */;
			compatibilityVersion = "Xcode 9.3";
			developmentRegion = en;
			hasScannedForEncodings = 0;
			knownRegions = (
				en,
				Base,
			);
			mainGroup = DC3BFAFD21B42070002089AE;
			productRefGroup = DC3BFB0721B42070002089AE /* Products */;
			projectDirPath = "";
			projectRoot = "";
			targets = (
				DC3BFB0521B42070002089AE /* Advent2018 */,
			);
		};
/* End PBXProject section */

/* Begin PBXSourcesBuildPhase section */
		DC3BFB0221B42070002089AE /* Sources */ = {
			isa = PBXSourcesBuildPhase;
			buildActionMask = 2147483647;
			files = (
				DC9F351F21B793C1001D8B69 /* Day5.swift in Sources */,
				DC3BFB1A21B42DE8002089AE /* Template.swift in Sources */,
				DC90B4AB21C0CCAB007D410F /* Day12.swift in Sources */,
				DC90B4AF21C6E6BC007D410F /* Day14.swift in Sources */,
				DC3BFB1121B420F5002089AE /* Day1.swift in Sources */,
				DC3BFB1821B42DAC002089AE /* Day2.swift in Sources */,
				DC06E32D21BD7510007C0CFC /* Day9.swift in Sources */,
				DC3BFB1521B42C82002089AE /* Helpers.swift in Sources */,
				DC90B4B321C8915E007D410F /* Day17.swift in Sources */,
				DC06E33121C0AF1C007C0CFC /* Day11.swift in Sources */,
				DCE21E9321CDECF10091AF2D /* Day20.swift in Sources */,
				DC90B4AD21C5DCD8007D410F /* Day13.swift in Sources */,
				DC06E32F21BE2B55007C0CFC /* Day10.swift in Sources */,
				DC06E32B21BD6D87007C0CFC /* Day8.swift in Sources */,
				DC9F351D21B6379C001D8B69 /* Day4.swift in Sources */,
				DC06E32921BA35B8007C0CFC /* Day7.swift in Sources */,
				DC90B4B121C8914C007D410F /* Day15.swift in Sources */,
				DCE5F17A2399DEBD000A8B92 /* Day16.swift in Sources */,
				DC9F351B21B62C23001D8B69 /* Day3.swift in Sources */,
				DC9F352121B8EA74001D8B69 /* Day6.swift in Sources */,
				DC3BFB0A21B42070002089AE /* main.swift in Sources */,
			);
			runOnlyForDeploymentPostprocessing = 0;
		};
/* End PBXSourcesBuildPhase section */

/* Begin XCBuildConfiguration section */
		DC3BFB0B21B42070002089AE /* Debug */ = {
			isa = XCBuildConfiguration;
			buildSettings = {
				ALWAYS_SEARCH_USER_PATHS = NO;
				CLANG_ANALYZER_NONNULL = YES;
				CLANG_ANALYZER_NUMBER_OBJECT_CONVERSION = YES_AGGRESSIVE;
				CLANG_CXX_LANGUAGE_STANDARD = "gnu++14";
				CLANG_CXX_LIBRARY = "libc++";
				CLANG_ENABLE_MODULES = YES;
				CLANG_ENABLE_OBJC_ARC = YES;
				CLANG_ENABLE_OBJC_WEAK = YES;
				CLANG_WARN_BLOCK_CAPTURE_AUTORELEASING = YES;
				CLANG_WARN_BOOL_CONVERSION = YES;
				CLANG_WARN_COMMA = YES;
				CLANG_WARN_CONSTANT_CONVERSION = YES;
				CLANG_WARN_DEPRECATED_OBJC_IMPLEMENTATIONS = YES;
				CLANG_WARN_DIRECT_OBJC_ISA_USAGE = YES_ERROR;
				CLANG_WARN_DOCUMENTATION_COMMENTS = YES;
				CLANG_WARN_EMPTY_BODY = YES;
				CLANG_WARN_ENUM_CONVERSION = YES;
				CLANG_WARN_INFINITE_RECURSION = YES;
				CLANG_WARN_INT_CONVERSION = YES;
				CLANG_WARN_NON_LITERAL_NULL_CONVERSION = YES;
				CLANG_WARN_OBJC_IMPLICIT_RETAIN_SELF = YES;
				CLANG_WARN_OBJC_LITERAL_CONVERSION = YES;
				CLANG_WARN_OBJC_ROOT_CLASS = YES_ERROR;
				CLANG_WARN_RANGE_LOOP_ANALYSIS = YES;
				CLANG_WARN_STRICT_PROTOTYPES = YES;
				CLANG_WARN_SUSPICIOUS_MOVE = YES;
				CLANG_WARN_UNGUARDED_AVAILABILITY = YES_AGGRESSIVE;
				CLANG_WARN_UNREACHABLE_CODE = YES;
				CLANG_WARN__DUPLICATE_METHOD_MATCH = YES;
				CODE_SIGN_IDENTITY = "Mac Developer";
				COPY_PHASE_STRIP = NO;
				DEBUG_INFORMATION_FORMAT = dwarf;
				ENABLE_STRICT_OBJC_MSGSEND = YES;
				ENABLE_TESTABILITY = YES;
				GCC_C_LANGUAGE_STANDARD = gnu11;
				GCC_DYNAMIC_NO_PIC = NO;
				GCC_NO_COMMON_BLOCKS = YES;
				GCC_OPTIMIZATION_LEVEL = 0;
				GCC_PREPROCESSOR_DEFINITIONS = (
					"DEBUG=1",
					"$(inherited)",
				);
				GCC_WARN_64_TO_32_BIT_CONVERSION = YES;
				GCC_WARN_ABOUT_RETURN_TYPE = YES_ERROR;
				GCC_WARN_UNDECLARED_SELECTOR = YES;
				GCC_WARN_UNINITIALIZED_AUTOS = YES_AGGRESSIVE;
				GCC_WARN_UNUSED_FUNCTION = YES;
				GCC_WARN_UNUSED_VARIABLE = YES;
				MACOSX_DEPLOYMENT_TARGET = 10.14;
				MTL_ENABLE_DEBUG_INFO = INCLUDE_SOURCE;
				MTL_FAST_MATH = YES;
				ONLY_ACTIVE_ARCH = YES;
				SDKROOT = macosx;
				SWIFT_ACTIVE_COMPILATION_CONDITIONS = DEBUG;
				SWIFT_OPTIMIZATION_LEVEL = "-Onone";
			};
			name = Debug;
		};
		DC3BFB0C21B42070002089AE /* Release */ = {
			isa = XCBuildConfiguration;
			buildSettings = {
				ALWAYS_SEARCH_USER_PATHS = NO;
				CLANG_ANALYZER_NONNULL = YES;
				CLANG_ANALYZER_NUMBER_OBJECT_CONVERSION = YES_AGGRESSIVE;
				CLANG_CXX_LANGUAGE_STANDARD = "gnu++14";
				CLANG_CXX_LIBRARY = "libc++";
				CLANG_ENABLE_MODULES = YES;
				CLANG_ENABLE_OBJC_ARC = YES;
				CLANG_ENABLE_OBJC_WEAK = YES;
				CLANG_WARN_BLOCK_CAPTURE_AUTORELEASING = YES;
				CLANG_WARN_BOOL_CONVERSION = YES;
				CLANG_WARN_COMMA = YES;
				CLANG_WARN_CONSTANT_CONVERSION = YES;
				CLANG_WARN_DEPRECATED_OBJC_IMPLEMENTATIONS = YES;
				CLANG_WARN_DIRECT_OBJC_ISA_USAGE = YES_ERROR;
				CLANG_WARN_DOCUMENTATION_COMMENTS = YES;
				CLANG_WARN_EMPTY_BODY = YES;
				CLANG_WARN_ENUM_CONVERSION = YES;
				CLANG_WARN_INFINITE_RECURSION = YES;
				CLANG_WARN_INT_CONVERSION = YES;
				CLANG_WARN_NON_LITERAL_NULL_CONVERSION = YES;
				CLANG_WARN_OBJC_IMPLICIT_RETAIN_SELF = YES;
				CLANG_WARN_OBJC_LITERAL_CONVERSION = YES;
				CLANG_WARN_OBJC_ROOT_CLASS = YES_ERROR;
				CLANG_WARN_RANGE_LOOP_ANALYSIS = YES;
				CLANG_WARN_STRICT_PROTOTYPES = YES;
				CLANG_WARN_SUSPICIOUS_MOVE = YES;
				CLANG_WARN_UNGUARDED_AVAILABILITY = YES_AGGRESSIVE;
				CLANG_WARN_UNREACHABLE_CODE = YES;
				CLANG_WARN__DUPLICATE_METHOD_MATCH = YES;
				CODE_SIGN_IDENTITY = "Mac Developer";
				COPY_PHASE_STRIP = NO;
				DEBUG_INFORMATION_FORMAT = "dwarf-with-dsym";
				ENABLE_NS_ASSERTIONS = NO;
				ENABLE_STRICT_OBJC_MSGSEND = YES;
				GCC_C_LANGUAGE_STANDARD = gnu11;
				GCC_NO_COMMON_BLOCKS = YES;
				GCC_WARN_64_TO_32_BIT_CONVERSION = YES;
				GCC_WARN_ABOUT_RETURN_TYPE = YES_ERROR;
				GCC_WARN_UNDECLARED_SELECTOR = YES;
				GCC_WARN_UNINITIALIZED_AUTOS = YES_AGGRESSIVE;
				GCC_WARN_UNUSED_FUNCTION = YES;
				GCC_WARN_UNUSED_VARIABLE = YES;
				MACOSX_DEPLOYMENT_TARGET = 10.14;
				MTL_ENABLE_DEBUG_INFO = NO;
				MTL_FAST_MATH = YES;
				SDKROOT = macosx;
				SWIFT_COMPILATION_MODE = wholemodule;
				SWIFT_OPTIMIZATION_LEVEL = "-O";
			};
			name = Release;
		};
		DC3BFB0E21B42070002089AE /* Debug */ = {
			isa = XCBuildConfiguration;
			buildSettings = {
				CODE_SIGN_IDENTITY = "-";
				CODE_SIGN_STYLE = Automatic;
				DEVELOPMENT_TEAM = EGM85S4GH9;
				PRODUCT_NAME = "$(TARGET_NAME)";
				SWIFT_VERSION = 5.0;
			};
			name = Debug;
		};
		DC3BFB0F21B42070002089AE /* Release */ = {
			isa = XCBuildConfiguration;
			buildSettings = {
				CODE_SIGN_IDENTITY = "-";
				CODE_SIGN_STYLE = Automatic;
				DEVELOPMENT_TEAM = EGM85S4GH9;
				PRODUCT_NAME = "$(TARGET_NAME)";
				SWIFT_VERSION = 5.0;
			};
			name = Release;
		};
/* End XCBuildConfiguration section */

/* Begin XCConfigurationList section */
		DC3BFB0121B42070002089AE /* Build configuration list for PBXProject "Advent2018" */ = {
			isa = XCConfigurationList;
			buildConfigurations = (
				DC3BFB0B21B42070002089AE /* Debug */,
				DC3BFB0C21B42070002089AE /* Release */,
			);
			defaultConfigurationIsVisible = 0;
			defaultConfigurationName = Release;
		};
		DC3BFB0D21B42070002089AE /* Build configuration list for PBXNativeTarget "Advent2018" */ = {
			isa = XCConfigurationList;
			buildConfigurations = (
				DC3BFB0E21B42070002089AE /* Debug */,
				DC3BFB0F21B42070002089AE /* Release */,
			);
			defaultConfigurationIsVisible = 0;
			defaultConfigurationName = Release;
		};
/* End XCConfigurationList section */
	};
	rootObject = DC3BFAFE21B42070002089AE /* Project object */;
}
